{
  "name": "examples",
  "version": "1.0.0",
  "lockfileVersion": 1,
  "requires": true,
  "dependencies": {
    "@digitalcube/username-validator": {
      "version": "1.0.0",
      "resolved": "https://registry.npmjs.org/@digitalcube/username-validator/-/username-validator-1.0.0.tgz",
      "integrity": "sha512-lLZG0mLukTKJ4tlhAK29qvlq9xR70M72Zp3Zp5UulZDdb+tFVnOXrtH04cD2zmI3a0Ps64HCBOckUpCJTKtFXQ=="
    }
  }
}
